<?xml version="1.0" encoding="utf-8"?>
<Project ToolsVersion="4.0" xmlns="http://schemas.microsoft.com/developer/msbuild/2003">
  <ItemGroup>
    <Filter Include="源文件">
      <UniqueIdentifier>{5b1f557b-e14a-4c62-bc93-f8b544d0d909}</UniqueIdentifier>
    </Filter>
    <Filter Include="头文件">
      <UniqueIdentifier>{d40416e8-541d-45bb-81c1-a2bcc12e75d7}</UniqueIdentifier>
    </Filter>
  </ItemGroup>
  <ItemGroup>
    <ClInclude Include="joint.h">
      <Filter>头文件</Filter>
    </ClInclude>
    <ClInclude Include="skeleton.h">
      <Filter>头文件</Filter>
    </ClInclude>
    <ClInclude Include="lbs.h">
      <Filter>头文件</Filter>
    </ClInclude>
    <ClInclude Include="interactive.h">
      <Filter>头文件</Filter>
    </ClInclude>
    <ClInclude Include="tool.h">
      <Filter>头文件</Filter>
    </ClInclude>
  </ItemGroup>
  <ItemGroup>
    <ClCompile Include="tool.cpp">
      <Filter>源文件</Filter>
    </ClCompile>
    <ClCompile Include="joint.cpp">
      <Filter>源文件</Filter>
    </ClCompile>
    <ClCompile Include="skeleton.cpp">
      <Filter>源文件</Filter>
    </ClCompile>
    <ClCompile Include="main.cpp">
      <Filter>源文件</Filter>
    </ClCompile>
  </ItemGroup>
  <ItemGroup>
    <CudaCompile Include="lbs.cu">
      <Filter>源文件</Filter>
    </CudaCompile>
  </ItemGroup>
</Project>